// !$*UTF8*$!
{
	archiveVersion = 1;
	classes = {
	};
	objectVersion = 56;
	objects = {

/* Begin PBXBuildFile section */
		1413D5892C1B446700F8418B /* CustomPageControl.swift in Sources */ = {isa = PBXBuildFile; fileRef = 1413D5882C1B446700F8418B /* CustomPageControl.swift */; };
		14261A1B2C161823006B12B2 /* TextInputField.swift in Sources */ = {isa = PBXBuildFile; fileRef = 14261A1A2C161823006B12B2 /* TextInputField.swift */; };
		14261A1E2C199D30006B12B2 /* TextInputFieldDemo.swift in Sources */ = {isa = PBXBuildFile; fileRef = 14261A1D2C199D30006B12B2 /* TextInputFieldDemo.swift */; };
		14261A202C1B2708006B12B2 /* Onboarding.swift in Sources */ = {isa = PBXBuildFile; fileRef = 14261A1F2C1B2708006B12B2 /* Onboarding.swift */; };
		14DAB7F82C11C1C10043219D /* GenericViewsApp.swift in Sources */ = {isa = PBXBuildFile; fileRef = 14DAB7F72C11C1C10043219D /* GenericViewsApp.swift */; };
		14DAB7FA2C11C1C10043219D /* ContentView.swift in Sources */ = {isa = PBXBuildFile; fileRef = 14DAB7F92C11C1C10043219D /* ContentView.swift */; };
		14DAB7FC2C11C1C30043219D /* Assets.xcassets in Resources */ = {isa = PBXBuildFile; fileRef = 14DAB7FB2C11C1C30043219D /* Assets.xcassets */; };
		14DAB7FF2C11C1C30043219D /* Preview Assets.xcassets in Resources */ = {isa = PBXBuildFile; fileRef = 14DAB7FE2C11C1C30043219D /* Preview Assets.xcassets */; };
		14DAB8062C11C1DF0043219D /* NavigationMenu.swift in Sources */ = {isa = PBXBuildFile; fileRef = 14DAB8052C11C1DF0043219D /* NavigationMenu.swift */; };
		14DAB8082C11C1F20043219D /* NavigationMenuDemo.swift in Sources */ = {isa = PBXBuildFile; fileRef = 14DAB8072C11C1F20043219D /* NavigationMenuDemo.swift */; };
		14F93E3F2C29D5E20028C414 /* OnboardingDemo.swift in Sources */ = {isa = PBXBuildFile; fileRef = 14F93E3E2C29D5E20028C414 /* OnboardingDemo.swift */; };
/* End PBXBuildFile section */

/* Begin PBXFileReference section */
		1413D5882C1B446700F8418B /* CustomPageControl.swift */ = {isa = PBXFileReference; lastKnownFileType = sourcecode.swift; path = CustomPageControl.swift; sourceTree = "<group>"; };
		14261A1A2C161823006B12B2 /* TextInputField.swift */ = {isa = PBXFileReference; lastKnownFileType = sourcecode.swift; path = TextInputField.swift; sourceTree = "<group>"; };
		14261A1D2C199D30006B12B2 /* TextInputFieldDemo.swift */ = {isa = PBXFileReference; lastKnownFileType = sourcecode.swift; path = TextInputFieldDemo.swift; sourceTree = "<group>"; };
		14261A1F2C1B2708006B12B2 /* Onboarding.swift */ = {isa = PBXFileReference; lastKnownFileType = sourcecode.swift; path = Onboarding.swift; sourceTree = "<group>"; };
		14DAB7F42C11C1C10043219D /* GenericViews.app */ = {isa = PBXFileReference; explicitFileType = wrapper.application; includeInIndex = 0; path = GenericViews.app; sourceTree = BUILT_PRODUCTS_DIR; };
		14DAB7F72C11C1C10043219D /* GenericViewsApp.swift */ = {isa = PBXFileReference; lastKnownFileType = sourcecode.swift; path = GenericViewsApp.swift; sourceTree = "<group>"; };
		14DAB7F92C11C1C10043219D /* ContentView.swift */ = {isa = PBXFileReference; lastKnownFileType = sourcecode.swift; path = ContentView.swift; sourceTree = "<group>"; };
		14DAB7FB2C11C1C30043219D /* Assets.xcassets */ = {isa = PBXFileReference; lastKnownFileType = folder.assetcatalog; path = Assets.xcassets; sourceTree = "<group>"; };
		14DAB7FE2C11C1C30043219D /* Preview Assets.xcassets */ = {isa = PBXFileReference; lastKnownFileType = folder.assetcatalog; path = "Preview Assets.xcassets"; sourceTree = "<group>"; };
		14DAB8052C11C1DF0043219D /* NavigationMenu.swift */ = {isa = PBXFileReference; lastKnownFileType = sourcecode.swift; path = NavigationMenu.swift; sourceTree = "<group>"; };
		14DAB8072C11C1F20043219D /* NavigationMenuDemo.swift */ = {isa = PBXFileReference; lastKnownFileType = sourcecode.swift; path = NavigationMenuDemo.swift; sourceTree = "<group>"; };
		14F93E3E2C29D5E20028C414 /* OnboardingDemo.swift */ = {isa = PBXFileReference; lastKnownFileType = sourcecode.swift; path = OnboardingDemo.swift; sourceTree = "<group>"; };
/* End PBXFileReference section */

/* Begin PBXFrameworksBuildPhase section */
		14DAB7F12C11C1C10043219D /* Frameworks */ = {
			isa = PBXFrameworksBuildPhase;
			buildActionMask = 2147483647;
			files = (
			);
			runOnlyForDeploymentPostprocessing = 0;
		};
/* End PBXFrameworksBuildPhase section */

/* Begin PBXGroup section */
		1413D5862C1B442B00F8418B /* GenericViews */ = {
			isa = PBXGroup;
			children = (
				14261A1F2C1B2708006B12B2 /* Onboarding.swift */,
				1413D5882C1B446700F8418B /* CustomPageControl.swift */,
				14DAB8052C11C1DF0043219D /* NavigationMenu.swift */,
				14261A1A2C161823006B12B2 /* TextInputField.swift */,
			);
			path = GenericViews;
			sourceTree = "<group>";
		};
		14261A1C2C199D16006B12B2 /* Demos */ = {
			isa = PBXGroup;
			children = (
				14DAB8072C11C1F20043219D /* NavigationMenuDemo.swift */,
				14261A1D2C199D30006B12B2 /* TextInputFieldDemo.swift */,
				14F93E3E2C29D5E20028C414 /* OnboardingDemo.swift */,
			);
			path = Demos;
			sourceTree = "<group>";
		};
		14DAB7EB2C11C1C00043219D = {
			isa = PBXGroup;
			children = (
				14DAB7F62C11C1C10043219D /* GenericViews */,
				14DAB7F52C11C1C10043219D /* Products */,
			);
			sourceTree = "<group>";
		};
		14DAB7F52C11C1C10043219D /* Products */ = {
			isa = PBXGroup;
			children = (
				14DAB7F42C11C1C10043219D /* GenericViews.app */,
			);
			name = Products;
			sourceTree = "<group>";
		};
		14DAB7F62C11C1C10043219D /* GenericViews */ = {
			isa = PBXGroup;
			children = (
				1413D5862C1B442B00F8418B /* GenericViews */,
				14261A1C2C199D16006B12B2 /* Demos */,
				14DAB7F72C11C1C10043219D /* GenericViewsApp.swift */,
				14DAB7F92C11C1C10043219D /* ContentView.swift */,
				14DAB7FB2C11C1C30043219D /* Assets.xcassets */,
				14DAB7FD2C11C1C30043219D /* Preview Content */,
			);
			path = GenericViews;
			sourceTree = "<group>";
		};
		14DAB7FD2C11C1C30043219D /* Preview Content */ = {
			isa = PBXGroup;
			children = (
				14DAB7FE2C11C1C30043219D /* Preview Assets.xcassets */,
			);
			path = "Preview Content";
			sourceTree = "<group>";
		};
/* End PBXGroup section */

/* Begin PBXNativeTarget section */
		14DAB7F32C11C1C10043219D /* GenericViews */ = {
			isa = PBXNativeTarget;
			buildConfigurationList = 14DAB8022C11C1C30043219D /* Build configuration list for PBXNativeTarget "GenericViews" */;
			buildPhases = (
				14DAB7F02C11C1C10043219D /* Sources */,
				14DAB7F12C11C1C10043219D /* Frameworks */,
				14DAB7F22C11C1C10043219D /* Resources */,
			);
			buildRules = (
			);
			dependencies = (
			);
			name = GenericViews;
			productName = GenericViews;
			productReference = 14DAB7F42C11C1C10043219D /* GenericViews.app */;
			productType = "com.apple.product-type.application";
		};
/* End PBXNativeTarget section */

/* Begin PBXProject section */
		14DAB7EC2C11C1C00043219D /* Project object */ = {
			isa = PBXProject;
			attributes = {
				BuildIndependentTargetsInParallel = 1;
				LastSwiftUpdateCheck = 1500;
				LastUpgradeCheck = 1500;
				TargetAttributes = {
					14DAB7F32C11C1C10043219D = {
						CreatedOnToolsVersion = 15.0.1;
					};
				};
			};
			buildConfigurationList = 14DAB7EF2C11C1C00043219D /* Build configuration list for PBXProject "GenericViews" */;
			compatibilityVersion = "Xcode 14.0";
			developmentRegion = en;
			hasScannedForEncodings = 0;
			knownRegions = (
				en,
				Base,
			);
			mainGroup = 14DAB7EB2C11C1C00043219D;
			productRefGroup = 14DAB7F52C11C1C10043219D /* Products */;
			projectDirPath = "";
			projectRoot = "";
			targets = (
				14DAB7F32C11C1C10043219D /* GenericViews */,
			);
		};
/* End PBXProject section */

/* Begin PBXResourcesBuildPhase section */
		14DAB7F22C11C1C10043219D /* Resources */ = {
			isa = PBXResourcesBuildPhase;
			buildActionMask = 2147483647;
			files = (
				14DAB7FF2C11C1C30043219D /* Preview Assets.xcassets in Resources */,
				14DAB7FC2C11C1C30043219D /* Assets.xcassets in Resources */,
			);
			runOnlyForDeploymentPostprocessing = 0;
		};
/* End PBXResourcesBuildPhase section */

/* Begin PBXSourcesBuildPhase section */
		14DAB7F02C11C1C10043219D /* Sources */ = {
			isa = PBXSourcesBuildPhase;
			buildActionMask = 2147483647;
			files = (
				14DAB7FA2C11C1C10043219D /* ContentView.swift in Sources */,
				14261A1E2C199D30006B12B2 /* TextInputFieldDemo.swift in Sources */,
				14DAB8082C11C1F20043219D /* NavigationMenuDemo.swift in Sources */,
				1413D5892C1B446700F8418B /* CustomPageControl.swift in Sources */,
				14261A202C1B2708006B12B2 /* Onboarding.swift in Sources */,
				14261A1B2C161823006B12B2 /* TextInputField.swift in Sources */,
				14DAB8062C11C1DF0043219D /* NavigationMenu.swift in Sources */,
				14DAB7F82C11C1C10043219D /* GenericViewsApp.swift in Sources */,
				14F93E3F2C29D5E20028C414 /* OnboardingDemo.swift in Sources */,
			);
			runOnlyForDeploymentPostprocessing = 0;
		};
/* End PBXSourcesBuildPhase section */

/* Begin XCBuildConfiguration section */
		14DAB8002C11C1C30043219D /* Debug */ = {
			isa = XCBuildConfiguration;
			buildSettings = {
				ALWAYS_SEARCH_USER_PATHS = NO;
				ASSETCATALOG_COMPILER_GENERATE_SWIFT_ASSET_SYMBOL_EXTENSIONS = YES;
				CLANG_ANALYZER_NONNULL = YES;
				CLANG_ANALYZER_NUMBER_OBJECT_CONVERSION = YES_AGGRESSIVE;
				CLANG_CXX_LANGUAGE_STANDARD = "gnu++20";
				CLANG_ENABLE_MODULES = YES;
				CLANG_ENABLE_OBJC_ARC = YES;
				CLANG_ENABLE_OBJC_WEAK = YES;
				CLANG_WARN_BLOCK_CAPTURE_AUTORELEASING = YES;
				CLANG_WARN_BOOL_CONVERSION = YES;
				CLANG_WARN_COMMA = YES;
				CLANG_WARN_CONSTANT_CONVERSION = YES;
				CLANG_WARN_DEPRECATED_OBJC_IMPLEMENTATIONS = YES;
				CLANG_WARN_DIRECT_OBJC_ISA_USAGE = YES_ERROR;
				CLANG_WARN_DOCUMENTATION_COMMENTS = YES;
				CLANG_WARN_EMPTY_BODY = YES;
				CLANG_WARN_ENUM_CONVERSION = YES;
				CLANG_WARN_INFINITE_RECURSION = YES;
				CLANG_WARN_INT_CONVERSION = YES;
				CLANG_WARN_NON_LITERAL_NULL_CONVERSION = YES;
				CLANG_WARN_OBJC_IMPLICIT_RETAIN_SELF = YES;
				CLANG_WARN_OBJC_LITERAL_CONVERSION = YES;
				CLANG_WARN_OBJC_ROOT_CLASS = YES_ERROR;
				CLANG_WARN_QUOTED_INCLUDE_IN_FRAMEWORK_HEADER = YES;
				CLANG_WARN_RANGE_LOOP_ANALYSIS = YES;
				CLANG_WARN_STRICT_PROTOTYPES = YES;
				CLANG_WARN_SUSPICIOUS_MOVE = YES;
				CLANG_WARN_UNGUARDED_AVAILABILITY = YES_AGGRESSIVE;
				CLANG_WARN_UNREACHABLE_CODE = YES;
				CLANG_WARN__DUPLICATE_METHOD_MATCH = YES;
				COPY_PHASE_STRIP = NO;
				DEBUG_INFORMATION_FORMAT = dwarf;
				ENABLE_STRICT_OBJC_MSGSEND = YES;
				ENABLE_TESTABILITY = YES;
				ENABLE_USER_SCRIPT_SANDBOXING = YES;
				GCC_C_LANGUAGE_STANDARD = gnu17;
				GCC_DYNAMIC_NO_PIC = NO;
				GCC_NO_COMMON_BLOCKS = YES;
				GCC_OPTIMIZATION_LEVEL = 0;
				GCC_PREPROCESSOR_DEFINITIONS = (
					"DEBUG=1",
					"$(inherited)",
				);
				GCC_WARN_64_TO_32_BIT_CONVERSION = YES;
				GCC_WARN_ABOUT_RETURN_TYPE = YES_ERROR;
				GCC_WARN_UNDECLARED_SELECTOR = YES;
				GCC_WARN_UNINITIALIZED_AUTOS = YES_AGGRESSIVE;
				GCC_WARN_UNUSED_FUNCTION = YES;
				GCC_WARN_UNUSED_VARIABLE = YES;
				IPHONEOS_DEPLOYMENT_TARGET = 16.0;
				LOCALIZATION_PREFERS_STRING_CATALOGS = YES;
				MTL_ENABLE_DEBUG_INFO = INCLUDE_SOURCE;
				MTL_FAST_MATH = YES;
				ONLY_ACTIVE_ARCH = YES;
				SDKROOT = iphoneos;
				SWIFT_ACTIVE_COMPILATION_CONDITIONS = "DEBUG $(inherited)";
				SWIFT_OPTIMIZATION_LEVEL = "-Onone";
			};
			name = Debug;
		};
		14DAB8012C11C1C30043219D /* Release */ = {
			isa = XCBuildConfiguration;
			buildSettings = {
				ALWAYS_SEARCH_USER_PATHS = NO;
				ASSETCATALOG_COMPILER_GENERATE_SWIFT_ASSET_SYMBOL_EXTENSIONS = YES;
				CLANG_ANALYZER_NONNULL = YES;
				CLANG_ANALYZER_NUMBER_OBJECT_CONVERSION = YES_AGGRESSIVE;
				CLANG_CXX_LANGUAGE_STANDARD = "gnu++20";
				CLANG_ENABLE_MODULES = YES;
				CLANG_ENABLE_OBJC_ARC = YES;
				CLANG_ENABLE_OBJC_WEAK = YES;
				CLANG_WARN_BLOCK_CAPTURE_AUTORELEASING = YES;
				CLANG_WARN_BOOL_CONVERSION = YES;
				CLANG_WARN_COMMA = YES;
				CLANG_WARN_CONSTANT_CONVERSION = YES;
				CLANG_WARN_DEPRECATED_OBJC_IMPLEMENTATIONS = YES;
				CLANG_WARN_DIRECT_OBJC_ISA_USAGE = YES_ERROR;
				CLANG_WARN_DOCUMENTATION_COMMENTS = YES;
				CLANG_WARN_EMPTY_BODY = YES;
				CLANG_WARN_ENUM_CONVERSION = YES;
				CLANG_WARN_INFINITE_RECURSION = YES;
				CLANG_WARN_INT_CONVERSION = YES;
				CLANG_WARN_NON_LITERAL_NULL_CONVERSION = YES;
				CLANG_WARN_OBJC_IMPLICIT_RETAIN_SELF = YES;
				CLANG_WARN_OBJC_LITERAL_CONVERSION = YES;
				CLANG_WARN_OBJC_ROOT_CLASS = YES_ERROR;
				CLANG_WARN_QUOTED_INCLUDE_IN_FRAMEWORK_HEADER = YES;
				CLANG_WARN_RANGE_LOOP_ANALYSIS = YES;
				CLANG_WARN_STRICT_PROTOTYPES = YES;
				CLANG_WARN_SUSPICIOUS_MOVE = YES;
				CLANG_WARN_UNGUARDED_AVAILABILITY = YES_AGGRESSIVE;
				CLANG_WARN_UNREACHABLE_CODE = YES;
				CLANG_WARN__DUPLICATE_METHOD_MATCH = YES;
				COPY_PHASE_STRIP = NO;
				DEBUG_INFORMATION_FORMAT = "dwarf-with-dsym";
				ENABLE_NS_ASSERTIONS = NO;
				ENABLE_STRICT_OBJC_MSGSEND = YES;
				ENABLE_USER_SCRIPT_SANDBOXING = YES;
				GCC_C_LANGUAGE_STANDARD = gnu17;
				GCC_NO_COMMON_BLOCKS = YES;
				GCC_WARN_64_TO_32_BIT_CONVERSION = YES;
				GCC_WARN_ABOUT_RETURN_TYPE = YES_ERROR;
				GCC_WARN_UNDECLARED_SELECTOR = YES;
				GCC_WARN_UNINITIALIZED_AUTOS = YES_AGGRESSIVE;
				GCC_WARN_UNUSED_FUNCTION = YES;
				GCC_WARN_UNUSED_VARIABLE = YES;
				IPHONEOS_DEPLOYMENT_TARGET = 16.0;
				LOCALIZATION_PREFERS_STRING_CATALOGS = YES;
				MTL_ENABLE_DEBUG_INFO = NO;
				MTL_FAST_MATH = YES;
				SDKROOT = iphoneos;
				SWIFT_COMPILATION_MODE = wholemodule;
				VALIDATE_PRODUCT = YES;
			};
			name = Release;
		};
		14DAB8032C11C1C30043219D /* Debug */ = {
			isa = XCBuildConfiguration;
			buildSettings = {
				ASSETCATALOG_COMPILER_APPICON_NAME = AppIcon;
				ASSETCATALOG_COMPILER_GLOBAL_ACCENT_COLOR_NAME = AccentColor;
				CODE_SIGN_STYLE = Automatic;
				CURRENT_PROJECT_VERSION = 1;
				DEVELOPMENT_ASSET_PATHS = "\"GenericViews/Preview Content\"";
				DEVELOPMENT_TEAM = 2W9G88VCA4;
				ENABLE_PREVIEWS = YES;
				GENERATE_INFOPLIST_FILE = YES;
				INFOPLIST_KEY_UIApplicationSceneManifest_Generation = YES;
				INFOPLIST_KEY_UIApplicationSupportsIndirectInputEvents = YES;
				INFOPLIST_KEY_UILaunchScreen_Generation = YES;
				INFOPLIST_KEY_UISupportedInterfaceOrientations_iPad = "UIInterfaceOrientationPortrait UIInterfaceOrientationPortraitUpsideDown UIInterfaceOrientationLandscapeLeft UIInterfaceOrientationLandscapeRight";
				INFOPLIST_KEY_UISupportedInterfaceOrientations_iPhone = "UIInterfaceOrientationPortrait UIInterfaceOrientationLandscapeLeft UIInterfaceOrientationLandscapeRight";
				IPHONEOS_DEPLOYMENT_TARGET = 16.0;
				LD_RUNPATH_SEARCH_PATHS = (
					"$(inherited)",
					"@executable_path/Frameworks",
				);
				MARKETING_VERSION = 1.0;
				PRODUCT_BUNDLE_IDENTIFIER = toka.com.Investigation.GenericViews;
				PRODUCT_NAME = "$(TARGET_NAME)";
				SWIFT_EMIT_LOC_STRINGS = YES;
				SWIFT_VERSION = 5.0;
				TARGETED_DEVICE_FAMILY = "1,2";
			};
			name = Debug;
		};
		14DAB8042C11C1C30043219D /* Release */ = {
			isa = XCBuildConfiguration;
			buildSettings = {
				ASSETCATALOG_COMPILER_APPICON_NAME = AppIcon;
				ASSETCATALOG_COMPILER_GLOBAL_ACCENT_COLOR_NAME = AccentColor;
				CODE_SIGN_STYLE = Automatic;
				CURRENT_PROJECT_VERSION = 1;
				DEVELOPMENT_ASSET_PATHS = "\"GenericViews/Preview Content\"";
				DEVELOPMENT_TEAM = 2W9G88VCA4;
				ENABLE_PREVIEWS = YES;
				GENERATE_INFOPLIST_FILE = YES;
				INFOPLIST_KEY_UIApplicationSceneManifest_Generation = YES;
				INFOPLIST_KEY_UIApplicationSupportsIndirectInputEvents = YES;
				INFOPLIST_KEY_UILaunchScreen_Generation = YES;
				INFOPLIST_KEY_UISupportedInterfaceOrientations_iPad = "UIInterfaceOrientationPortrait UIInterfaceOrientationPortraitUpsideDown UIInterfaceOrientationLandscapeLeft UIInterfaceOrientationLandscapeRight";
				INFOPLIST_KEY_UISupportedInterfaceOrientations_iPhone = "UIInterfaceOrientationPortrait UIInterfaceOrientationLandscapeLeft UIInterfaceOrientationLandscapeRight";
				IPHONEOS_DEPLOYMENT_TARGET = 16.0;
				LD_RUNPATH_SEARCH_PATHS = (
					"$(inherited)",
					"@executable_path/Frameworks",
				);
				MARKETING_VERSION = 1.0;
				PRODUCT_BUNDLE_IDENTIFIER = toka.com.Investigation.GenericViews;
				PRODUCT_NAME = "$(TARGET_NAME)";
				SWIFT_EMIT_LOC_STRINGS = YES;
				SWIFT_VERSION = 5.0;
				TARGETED_DEVICE_FAMILY = "1,2";
			};
			name = Release;
		};
/* End XCBuildConfiguration section */

/* Begin XCConfigurationList section */
		14DAB7EF2C11C1C00043219D /* Build configuration list for PBXProject "GenericViews" */ = {
			isa = XCConfigurationList;
			buildConfigurations = (
				14DAB8002C11C1C30043219D /* Debug */,
				14DAB8012C11C1C30043219D /* Release */,
			);
			defaultConfigurationIsVisible = 0;
			defaultConfigurationName = Release;
		};
		14DAB8022C11C1C30043219D /* Build configuration list for PBXNativeTarget "GenericViews" */ = {
			isa = XCConfigurationList;
			buildConfigurations = (
				14DAB8032C11C1C30043219D /* Debug */,
				14DAB8042C11C1C30043219D /* Release */,
			);
			defaultConfigurationIsVisible = 0;
			defaultConfigurationName = Release;
		};
/* End XCConfigurationList section */
	};
	rootObject = 14DAB7EC2C11C1C00043219D /* Project object */;
}
